#MicroXplorer Configuration settings - do not modify
CAD.formats=
CAD.pinconfig=
CAD.provider=
Dma.Request0=UART4_RX
Dma.Request1=USART3_RX
Dma.RequestsNb=2
Dma.USART3_RX.1.Direction=DMA_PERIPH_TO_MEMORY
Dma.USART3_RX.1.EventEnable=DISABLE
Dma.USART3_RX.1.FIFOMode=DMA_FIFOMODE_DISABLE
Dma.USART3_RX.1.Instance=DMA1_Stream1
Dma.USART3_RX.1.MemDataAlignment=DMA_MDATAALIGN_BYTE
Dma.USART3_RX.1.MemInc=DMA_MINC_ENABLE
Dma.USART3_RX.1.Mode=DMA_NORMAL
Dma.USART3_RX.1.PeriphDataAlignment=DMA_PDATAALIGN_BYTE
Dma.USART3_RX.1.PeriphInc=DMA_PINC_DISABLE
Dma.USART3_RX.1.Polarity=HAL_DMAMUX_REQ_GEN_RISING
Dma.USART3_RX.1.Priority=DMA_PRIORITY_LOW
Dma.USART3_RX.1.RequestNumber=1
Dma.USART3_RX.1.RequestParameters=Instance,Direction,PeriphInc,MemInc,PeriphDataAlignment,MemDataAlignment,Mode,Priority,FIFOMode,SignalID,Polarity,RequestNumber,SyncSignalID,SyncPolarity,SyncEnable,EventEnable,SyncRequestNumber
Dma.USART3_RX.1.SignalID=NONE
Dma.USART3_RX.1.SyncEnable=DISABLE
Dma.USART3_RX.1.SyncPolarity=HAL_DMAMUX_SYNC_NO_EVENT
Dma.USART3_RX.1.SyncRequestNumber=1
Dma.USART3_RX.1.SyncSignalID=NONE
Dma.UART4_RX.0.Direction=DMA_PERIPH_TO_MEMORY
Dma.UART4_RX.0.EventEnable=DISABLE
Dma.UART4_RX.0.FIFOMode=DMA_FIFOMODE_DISABLE
Dma.UART4_RX.0.Instance=DMA1_Stream0
Dma.UART4_RX.0.MemDataAlignment=DMA_MDATAALIGN_BYTE
Dma.UART4_RX.0.MemInc=DMA_MINC_ENABLE
Dma.UART4_RX.0.Mode=DMA_NORMAL
Dma.UART4_RX.0.PeriphDataAlignment=DMA_PDATAALIGN_BYTE
Dma.UART4_RX.0.PeriphInc=DMA_PINC_DISABLE
Dma.UART4_RX.0.Polarity=HAL_DMAMUX_REQ_GEN_RISING
Dma.UART4_RX.0.Priority=DMA_PRIORITY_LOW
Dma.UART4_RX.0.RequestNumber=1
Dma.UART4_RX.0.RequestParameters=Instance,Direction,PeriphInc,MemInc,PeriphDataAlignment,MemDataAlignment,Mode,Priority,FIFOMode,SignalID,Polarity,RequestNumber,SyncSignalID,SyncPolarity,SyncEnable,EventEnable,SyncRequestNumber
Dma.UART4_RX.0.SignalID=NONE
Dma.UART4_RX.0.SyncEnable=DISABLE
Dma.UART4_RX.0.SyncPolarity=HAL_DMAMUX_SYNC_NO_EVENT
Dma.UART4_RX.0.SyncRequestNumber=1
Dma.UART4_RX.0.SyncSignalID=NONE
File.Version=6
GPIO.groupedBy=Group By Peripherals
I2C4.IPParameters=Timing
I2C4.Timing=0x307075B1
KeepUserPlacement=false
MMTAppRegionsCount=0
MMTConfigApplied=false
Mcu.CPN=STM32H750XBH6
Mcu.Family=STM32H7
Mcu.IP0=CORTEX_M7
Mcu.IP1=DMA
Mcu.IP2=I2C4
Mcu.IP3=MEMORYMAP
Mcu.IP4=NVIC
Mcu.IP5=QUADSPI
Mcu.IP6=RCC
Mcu.IP7=SYS
Mcu.IP8=UART4
Mcu.IP9=USB_OTG_FS
Mcu.IP10=SDMMC2
Mcu.IP11=USART3
Mcu.IPNb=12
Mcu.Name=STM32H750XBHx
Mcu.Package=TFBGA240
Mcu.Pin0=PC15-OSC32_OUT (OSC32_OUT)
Mcu.Pin1=PI9
Mcu.Pin10=PH12
Mcu.Pin11=VP_SYS_VS_tim17
Mcu.Pin12=VP_MEMORYMAP_VS_MEMORYMAP
Mcu.Pin13=VP_STMicroelectronics.X-CUBE-AZRTOS-H7_VS_RTOSJjThreadX_6.4.0_3.3.0
Mcu.Pin14=VP_STMicroelectronics.X-CUBE-AZRTOS-H7_VS_USBJjUSBX_6.4.0_3.3.0
Mcu.Pin15=PB10
Mcu.Pin16=PB11
Mcu.Pin17=PD11
Mcu.Pin18=PD12
Mcu.Pin19=PC0
Mcu.Pin20=PC13
Mcu.Pin21=PE2
Mcu.Pin22=PE3
Mcu.Pin23=PE4
Mcu.Pin24=PB14
Mcu.Pin25=PB15
Mcu.Pin26=PB3
Mcu.Pin27=PB4
Mcu.Pin28=PD6
Mcu.Pin29=PD7
Mcu.Pin30=PF10
Mcu.Pin31=PF6
Mcu.Pin32=PF7
Mcu.Pin33=PF8
Mcu.Pin34=PF9
Mcu.Pin35=PG6
Mcu.Pin2=PI8
Mcu.Pin3=PA12
Mcu.Pin4=PA11
Mcu.Pin5=PH1-OSC_OUT (PH1)
Mcu.Pin6=PH0-OSC_IN (PH0)
Mcu.Pin7=PA0
Mcu.Pin8=PH4
Mcu.Pin9=PH11
Mcu.PinsNb=36
Mcu.ThirdParty0=STMicroelectronics.X-CUBE-AZRTOS-H7.3.3.0
Mcu.ThirdPartyNb=1
Mcu.UserConstants=
Mcu.UserName=STM32H750XBHx
MxCube.Version=6.14.1
MxDb.Version=DB.6.0.141
NVIC.BusFault_IRQn=true\:0\:0\:false\:false\:true\:false\:false\:false\:false
NVIC.DMA1_Stream0_IRQn=true\:5\:0\:true\:false\:true\:true\:false\:true\:true
NVIC.DebugMonitor_IRQn=true\:0\:0\:false\:false\:true\:false\:false\:false\:false
NVIC.ForceEnableDMAVector=true
NVIC.DMA1_Stream1_IRQn=true\:5\:0\:true\:false\:true\:true\:false\:true\:true
NVIC.HardFault_IRQn=true\:0\:0\:false\:false\:true\:false\:false\:false\:false
NVIC.MemoryManagement_IRQn=true\:0\:0\:false\:false\:true\:false\:false\:false\:false
NVIC.NonMaskableInt_IRQn=true\:0\:0\:false\:false\:true\:false\:false\:false\:false
NVIC.OTG_FS_EP1_IN_IRQn=true\:5\:0\:true\:false\:true\:false\:true\:true\:true
NVIC.OTG_FS_EP1_OUT_IRQn=true\:5\:0\:true\:false\:true\:false\:true\:true\:true
NVIC.OTG_FS_IRQn=true\:5\:0\:true\:false\:true\:false\:true\:true\:true
NVIC.PendSV_IRQn=true\:0\:0\:false\:false\:false\:false\:false\:false\:false
NVIC.PriorityGroup=NVIC_PRIORITYGROUP_4
NVIC.SVCall_IRQn=true\:0\:0\:false\:false\:false\:false\:false\:false\:false
NVIC.SavedPendsvIrqHandlerGenerated=true
NVIC.SavedSvcallIrqHandlerGenerated=true
NVIC.SavedSystickIrqHandlerGenerated=true
NVIC.SysTick_IRQn=true\:0\:0\:false\:false\:false\:false\:false\:true\:false
NVIC.TIM17_IRQn=true\:15\:0\:false\:false\:true\:false\:false\:true\:true
NVIC.TimeBase=TIM17_IRQn
NVIC.TimeBaseIP=TIM17
NVIC.UART4_IRQn=true\:5\:0\:true\:false\:true\:false\:true\:true\:true
NVIC.USART3_IRQn=true\:5\:0\:true\:false\:true\:false\:true\:true\:true
NVIC.UsageFault_IRQn=true\:0\:0\:false\:false\:true\:false\:false\:false\:false
PA0.Locked=true
PA0.Mode=Asynchronous
PA0.Signal=UART4_TX
PA11.Mode=Device_Only
PA11.Signal=USB_OTG_FS_DM
PA12.Mode=Device_Only
PA12.Signal=USB_OTG_FS_DP
PB10.Locked=true
PB10.Mode=Asynchronous
PB10.Signal=USART3_TX
PB11.Locked=true
PB11.Mode=Asynchronous
PB11.Signal=USART3_RX
PB14.Locked=true
PB14.Mode=SD_4_bits_Wide_bus
PB14.Signal=SDMMC2_D0
PB15.Locked=true
PB15.Mode=SD_4_bits_Wide_bus
PB15.Signal=SDMMC2_D1
PB3.Locked=true
PB3.Mode=SD_4_bits_Wide_bus
PB3.Signal=SDMMC2_D2
PB4.Locked=true
PB4.Mode=SD_4_bits_Wide_bus
PB4.Signal=SDMMC2_D3
PC0.GPIOParameters=GPIO_Label
PC0.GPIO_Label=BT_HOST_WAKE
PC0.Locked=true
PC0.Signal=GPIO_Input
PC13.GPIOParameters=PinState,GPIO_Label
PC13.GPIO_Label=WIFI_REG_ON
PC13.Locked=true
PC13.PinState=GPIO_PIN_RESET
PC13.Signal=GPIO_Output
PC15-OSC32_OUT\ (OSC32_OUT).GPIOParameters=GPIO_Label
PC15-OSC32_OUT\ (OSC32_OUT).GPIO_Label=LED_R
PC15-OSC32_OUT\ (OSC32_OUT).Locked=true
PC15-OSC32_OUT\ (OSC32_OUT).Signal=GPIO_Output
PD11.Locked=true
PD11.Mode=Asynchronous
PD11.Signal=USART3_CTS
PD12.Locked=true
PD12.Mode=Asynchronous
PD12.Signal=USART3_RTS
PD6.Locked=true
PD6.Mode=SD_4_bits_Wide_bus
PD6.Signal=SDMMC2_CK
PD7.Locked=true
PD7.Mode=SD_4_bits_Wide_bus
PD7.Signal=SDMMC2_CMD
PE2.GPIOParameters=GPIO_Label
PE2.GPIO_Label=WIFI_HOST_WAKE
PE2.Locked=true
PE2.Signal=GPIO_Input
PE3.GPIOParameters=PinState,GPIO_Label
PE3.GPIO_Label=BT_WAKE
PE3.Locked=true
PE3.PinState=GPIO_PIN_RESET
PE3.Signal=GPIO_Output
PE4.GPIOParameters=PinState,GPIO_Label
PE4.GPIO_Label=BT_RST_N
PE4.Locked=true
PE4.PinState=GPIO_PIN_RESET
PE4.Signal=GPIO_Output
PF6.Locked=true
PF6.Mode=Single Bank 1
PF6.Signal=QUADSPI_BK1_IO3
PF7.Locked=true
PF7.Mode=Single Bank 1
PF7.Signal=QUADSPI_BK1_IO2
PF8.Locked=true
PF8.Mode=Single Bank 1
PF8.Signal=QUADSPI_BK1_IO0
PF9.Locked=true
PF9.Mode=Single Bank 1
PF9.Signal=QUADSPI_BK1_IO1
PF10.Locked=true
PF10.Mode=Single Bank 1
PF10.Signal=QUADSPI_CLK
PG6.Locked=true
PG6.Mode=Single Bank 1
PG6.Signal=QUADSPI_BK1_NCS
PH0-OSC_IN\ (PH0).Mode=HSE-External-Oscillator
PH0-OSC_IN\ (PH0).Signal=RCC_OSC_IN
PH1-OSC_OUT\ (PH1).Mode=HSE-External-Oscillator
PH1-OSC_OUT\ (PH1).Signal=RCC_OSC_OUT
PH11.GPIOParameters=GPIO_Speed,GPIO_PuPd,GPIO_Pu
PH11.GPIO_Pu=GPIO_PULLUP
PH11.GPIO_PuPd=GPIO_PULLUP
PH11.GPIO_Speed=GPIO_SPEED_FREQ_HIGH
PH11.Locked=true
PH11.Mode=I2C
PH11.Signal=I2C4_SCL
PH12.GPIOParameters=GPIO_Speed,GPIO_PuPd,GPIO_Pu
PH12.GPIO_Pu=GPIO_PULLUP
PH12.GPIO_PuPd=GPIO_PULLUP
PH12.GPIO_Speed=GPIO_SPEED_FREQ_HIGH
PH12.Locked=true
PH12.Mode=I2C
PH12.Signal=I2C4_SDA
PH4.GPIOParameters=GPIO_Label
PH4.GPIO_Label=KEY
PH4.Locked=true
PH4.Signal=GPIO_Input
PI8.GPIOParameters=PinState,GPIO_Label
PI8.GPIO_Label=LED_B
PI8.Locked=true
PI8.PinState=GPIO_PIN_RESET
PI8.Signal=GPIO_Output
PI9.Locked=true
PI9.Mode=Asynchronous
PI9.Signal=UART4_RX
PinOutPanel.CurrentBGAView=Top
PinOutPanel.RotationAngle=-90
ProjectManager.AskForMigrate=true
ProjectManager.BackupPrevious=true
ProjectManager.CompilerLinker=GCC
ProjectManager.CompilerOptimize=6
ProjectManager.ComputerToolchain=false
ProjectManager.CoupleFile=true
ProjectManager.CustomerFirmwarePackage=
ProjectManager.DefaultFWLocation=true
ProjectManager.DeletePrevious=true
ProjectManager.DeviceId=STM32H750XBHx
ProjectManager.FirmwarePackage=STM32Cube FW_H7 V1.12.1
ProjectManager.FreePins=false
ProjectManager.HalAssertFull=false
ProjectManager.HeapSize=0x200
ProjectManager.KeepUserCode=true
ProjectManager.LastFirmware=false
ProjectManager.LibraryCopy=1
ProjectManager.MainLocation=Core/Src
ProjectManager.NoMain=false
ProjectManager.PreviousToolchain=
ProjectManager.ProjectBuild=false
ProjectManager.ProjectFileName=ARTPI.ioc
ProjectManager.ProjectName=ARTPI
ProjectManager.ProjectStructure=
ProjectManager.RegisterCallBack=
ProjectManager.StackSize=0x400
ProjectManager.TargetToolchain=MDK-ARM V5
ProjectManager.ToolChainLocation=
ProjectManager.UAScriptAfterPath=
ProjectManager.UAScriptBeforePath=
ProjectManager.UnderRoot=false
ProjectManager.functionlistsort=1-MX_GPIO_Init-GPIO-false-HAL-true,2-SystemClock_Config-RCC-false-HAL-false,3-MX_DMA_Init-DMA-false-HAL-true,4-MX_QUADSPI_Init-QUADSPI-false-HAL-true,5-MX_SDMMC2_Init-SDMMC2-false-HAL-true,6-MX_USART3_UART_Init-USART3-false-HAL-true,7-MX_UART4_Init-UART4-false-HAL-true,8-MX_I2C4_Init-I2C4-false-HAL-true,9-MX_USB_OTG_FS_PCD_Init-USB_OTG_FS-false-HAL-true,0-MX_CORTEX_M7_Init-CORTEX_M7-false-HAL-true
QUADSPI.ClockPrescaler=31
QUADSPI.FifoThreshold=4
QUADSPI.FlashSize=23
QUADSPI.IPParameters=ClockPrescaler,FifoThreshold,FlashSize,SampleShifting,ChipSelectHighTime,ClockMode
QUADSPI.SampleShifting=QSPI_SAMPLE_SHIFTING_HALFCYCLE
QUADSPI.ChipSelectHighTime=QSPI_CS_HIGH_TIME_4_CYCLE
QUADSPI.ClockMode=QSPI_CLOCK_MODE_0
RCC.ADCFreq_Value=50390625
RCC.AHB12Freq_Value=240000000
RCC.AHB4Freq_Value=240000000
RCC.APB1Freq_Value=120000000
RCC.APB2Freq_Value=120000000
RCC.APB3Freq_Value=120000000
RCC.APB4Freq_Value=120000000
RCC.AXIClockFreq_Value=240000000
RCC.CECFreq_Value=32000
RCC.CKPERFreq_Value=64000000
RCC.CortexFreq_Value=480000000
RCC.CpuClockFreq_Value=480000000
RCC.D1CPREFreq_Value=480000000
RCC.D1PPRE=RCC_APB3_DIV2
RCC.D2PPRE1=RCC_APB1_DIV2
RCC.D2PPRE2=RCC_APB2_DIV2
RCC.D3PPRE=RCC_APB4_DIV2
RCC.DFSDMACLkFreq_Value=64000000
RCC.DFSDMFreq_Value=120000000
RCC.DIVM1=5
RCC.DIVN1=192
RCC.DIVP1Freq_Value=480000000
RCC.DIVP2Freq_Value=50390625
RCC.DIVP3Freq_Value=50390625
RCC.DIVQ1=15
RCC.DIVQ1Freq_Value=64000000
RCC.DIVQ2Freq_Value=50390625
RCC.DIVQ3Freq_Value=50390625
RCC.DIVR1Freq_Value=480000000
RCC.DIVR2Freq_Value=50390625
RCC.DIVR3Freq_Value=50390625
RCC.FDCANFreq_Value=64000000
RCC.FMCFreq_Value=240000000
RCC.FamilyName=M
RCC.HCLK3ClockFreq_Value=240000000
RCC.HCLKFreq_Value=240000000
RCC.HPRE=RCC_HCLK_DIV2
RCC.HRTIMFreq_Value=240000000
RCC.I2C123Freq_Value=120000000
RCC.I2C4Freq_Value=120000000
RCC.IPParameters=ADCFreq_Value,AHB12Freq_Value,AHB4Freq_Value,APB1Freq_Value,APB2Freq_Value,APB3Freq_Value,APB4Freq_Value,AXIClockFreq_Value,CECFreq_Value,CKPERFreq_Value,CortexFreq_Value,CpuClockFreq_Value,D1CPREFreq_Value,D1PPRE,D2PPRE1,D2PPRE2,D3PPRE,DFSDMACLkFreq_Value,DFSDMFreq_Value,DIVM1,DIVN1,DIVP1Freq_Value,DIVP2Freq_Value,DIVP3Freq_Value,DIVQ1,DIVQ1Freq_Value,DIVQ2Freq_Value,DIVQ3Freq_Value,DIVR1Freq_Value,DIVR2Freq_Value,DIVR3Freq_Value,FDCANFreq_Value,FMCFreq_Value,FamilyName,HCLK3ClockFreq_Value,HCLKFreq_Value,HPRE,HRTIMFreq_Value,I2C123Freq_Value,I2C4Freq_Value,LPTIM1Freq_Value,LPTIM2Freq_Value,LPTIM345Freq_Value,LPUART1Freq_Value,LTDCFreq_Value,MCO1PinFreq_Value,MCO2PinFreq_Value,PLL2FRACN,PLL3FRACN,PLLFRACN,PWR_Regulator_Voltage_Scale,QSPIFreq_Value,RNGFreq_Value,RTCFreq_Value,SAI1Freq_Value,SAI23Freq_Value,SAI4AFreq_Value,SAI4BFreq_Value,SDMMCFreq_Value,SPDIFRXFreq_Value,SPI123Freq_Value,SPI45Freq_Value,SPI6Freq_Value,SWPMI1Freq_Value,SYSCLKFreq_VALUE,SYSCLKSource,Tim1OutputFreq_Value,Tim2OutputFreq_Value,TraceFreq_Value,USART16Freq_Value,USART234578Freq_Value,USBFreq_Value,VCO1OutputFreq_Value,VCO2OutputFreq_Value,VCO3OutputFreq_Value,VCOInput1Freq_Value,VCOInput2Freq_Value,VCOInput3Freq_Value
RCC.LPTIM1Freq_Value=120000000
RCC.LPTIM2Freq_Value=120000000
RCC.LPTIM345Freq_Value=120000000
RCC.LPUART1Freq_Value=120000000
RCC.LTDCFreq_Value=50390625
RCC.MCO1PinFreq_Value=64000000
RCC.MCO2PinFreq_Value=480000000
RCC.PLL2FRACN=0
RCC.PLL3FRACN=0
RCC.PLLFRACN=0
RCC.PWR_Regulator_Voltage_Scale=PWR_REGULATOR_VOLTAGE_SCALE0
RCC.QSPIFreq_Value=240000000
RCC.RNGFreq_Value=48000000
RCC.RTCFreq_Value=32000
RCC.SAI1Freq_Value=64000000
RCC.SAI23Freq_Value=64000000
RCC.SAI4AFreq_Value=64000000
RCC.SAI4BFreq_Value=64000000
RCC.SDMMCFreq_Value=64000000
RCC.SPDIFRXFreq_Value=64000000
RCC.SPI123Freq_Value=64000000
RCC.SPI45Freq_Value=120000000
RCC.SPI6Freq_Value=120000000
RCC.SWPMI1Freq_Value=120000000
RCC.SYSCLKFreq_VALUE=480000000
RCC.SYSCLKSource=RCC_SYSCLKSOURCE_PLLCLK
RCC.Tim1OutputFreq_Value=240000000
RCC.Tim2OutputFreq_Value=240000000
RCC.TraceFreq_Value=64000000
RCC.USART16Freq_Value=120000000
RCC.USART234578Freq_Value=120000000
RCC.USBFreq_Value=64000000
RCC.VCO1OutputFreq_Value=960000000
RCC.VCO2OutputFreq_Value=100781250
RCC.VCO3OutputFreq_Value=100781250
RCC.VCOInput1Freq_Value=5000000
RCC.VCOInput2Freq_Value=781250
RCC.VCOInput3Freq_Value=781250
SDMMC2.BusWide=SDMMC_BUS_WIDE_4B
SDMMC2.ClockDiv=250
SDMMC2.ClockEdge=SDMMC_CLOCK_EDGE_RISING
SDMMC2.ClockPowerSave=SDMMC_CLOCK_POWER_SAVE_DISABLE
SDMMC2.HardwareFlowControl=SDMMC_HARDWARE_FLOW_CONTROL_DISABLE
SDMMC2.IPParameters=ClockEdge,ClockPowerSave,BusWide,HardwareFlowControl,ClockDiv
STMicroelectronics.X-CUBE-AZRTOS-H7.3.3.0.IPParameters=TX_TIMER_TICKS_PER_SECOND,TX_APP_GENERATE_INIT_CODE,TX_APP_CREATION,UX_DEVICE_APP_MEM_POOL_SIZE,USBX_DEVICE_SYS_SIZE,ThreadXCcRTOSJjThreadXJjCore,USBXCcUSBJjUSBXJjCoreSystem,USBXCcUSBJjUSBXJjUXOoDeviceOoCoreStack,USBXCcUSBJjUSBXJjUXOoDeviceOoControllers,USBXCcUSBJjUSBXJjUXOoDeviceOoClassOoCDCOoACM
STMicroelectronics.X-CUBE-AZRTOS-H7.3.3.0.RTOSJjThreadX_Checked=true
STMicroelectronics.X-CUBE-AZRTOS-H7.3.3.0.TX_APP_CREATION=1
STMicroelectronics.X-CUBE-AZRTOS-H7.3.3.0.TX_APP_GENERATE_INIT_CODE=false
STMicroelectronics.X-CUBE-AZRTOS-H7.3.3.0.TX_TIMER_TICKS_PER_SECOND=1000
STMicroelectronics.X-CUBE-AZRTOS-H7.3.3.0.ThreadXCcRTOSJjThreadXJjCore=true
STMicroelectronics.X-CUBE-AZRTOS-H7.3.3.0.USBJjUSBX_Checked=true
STMicroelectronics.X-CUBE-AZRTOS-H7.3.3.0.USBXCcUSBJjUSBXJjCoreSystem=true
STMicroelectronics.X-CUBE-AZRTOS-H7.3.3.0.USBXCcUSBJjUSBXJjUXOoDeviceOoClassOoCDCOoACM=true
STMicroelectronics.X-CUBE-AZRTOS-H7.3.3.0.USBXCcUSBJjUSBXJjUXOoDeviceOoControllers=true
STMicroelectronics.X-CUBE-AZRTOS-H7.3.3.0.USBXCcUSBJjUSBXJjUXOoDeviceOoCoreStack=true
STMicroelectronics.X-CUBE-AZRTOS-H7.3.3.0.USBX_DEVICE_SYS_SIZE=4096
STMicroelectronics.X-CUBE-AZRTOS-H7.3.3.0.UX_DEVICE_APP_MEM_POOL_SIZE=10240
STMicroelectronics.X-CUBE-AZRTOS-H7.3.3.0_IsAnAzureRtosMw=true
STMicroelectronics.X-CUBE-AZRTOS-H7.3.3.0_SwParameter=USBXCcUSBJjUSBXJjUXOoDeviceOoControllers\:true;USBXCcUSBJjUSBXJjCoreSystem\:true;ThreadXCcRTOSJjThreadXJjCore\:true;USBXCcUSBJjUSBXJjUXOoDeviceOoCoreStack\:true;USBXCcUSBJjUSBXJjUXOoDeviceOoClassOoCDCOoACM\:true;
USB_OTG_FS.IPParameters=VirtualMode
USB_OTG_FS.VirtualMode=Device_Only
VP_MEMORYMAP_VS_MEMORYMAP.Mode=CurAppReg
VP_MEMORYMAP_VS_MEMORYMAP.Signal=MEMORYMAP_VS_MEMORYMAP
VP_STMicroelectronics.X-CUBE-AZRTOS-H7_VS_RTOSJjThreadX_6.4.0_3.3.0.Mode=RTOSJjThreadX
VP_STMicroelectronics.X-CUBE-AZRTOS-H7_VS_RTOSJjThreadX_6.4.0_3.3.0.Signal=STMicroelectronics.X-CUBE-AZRTOS-H7_VS_RTOSJjThreadX_6.4.0_3.3.0
VP_STMicroelectronics.X-CUBE-AZRTOS-H7_VS_USBJjUSBX_6.4.0_3.3.0.Mode=USBJjUSBX
VP_STMicroelectronics.X-CUBE-AZRTOS-H7_VS_USBJjUSBX_6.4.0_3.3.0.Signal=STMicroelectronics.X-CUBE-AZRTOS-H7_VS_USBJjUSBX_6.4.0_3.3.0
VP_SYS_VS_tim17.Mode=TIM17
VP_SYS_VS_tim17.Signal=SYS_VS_tim17
board=custom
